
Microsoft Visual Studio Solution File, Format Version 12.00
# Visual Studio 15
VisualStudioVersion = 15.0.27703.2042
MinimumVisualStudioVersion = 10.0.40219.1
Project("{FAE04EC0-301F-11D3-BF4B-00C04F79EFBC}") = "Epam.Task7.BLL", "Epam.Task7.BLL\Epam.Task7.BLL.csproj", "{B3F65B6F-6337-461B-98FD-72768FBE0FAB}"
EndProject
Project("{2150E333-8FDC-42A3-9474-1A3956D46DE8}") = "BLL", "BLL", "{39B41C0A-DDF5-46A2-BDCC-ADB5ADEC4DCF}"
EndProject
Project("{2150E333-8FDC-42A3-9474-1A3956D46DE8}") = "DAL", "DAL", "{45A86A53-FC49-4BD0-BA9D-1247E35EAC30}"
EndProject
Project("{2150E333-8FDC-42A3-9474-1A3956D46DE8}") = "PL", "PL", "{0C2FFB17-A74C-482A-8E09-5F65ECEA3762}"
EndProject
Project("{2150E333-8FDC-42A3-9474-1A3956D46DE8}") = "Common", "Common", "{D3BF58CA-6D9E-4241-970D-8C0BD0D5A974}"
EndProject
Project("{FAE04EC0-301F-11D3-BF4B-00C04F79EFBC}") = "Epam.Task7.BLL.Interface", "Epam.Task7.BLL.Interface\Epam.Task7.BLL.Interface.csproj", "{2C9A05F8-E73D-4BCE-9987-B89B6323A7BD}"
EndProject
Project("{FAE04EC0-301F-11D3-BF4B-00C04F79EFBC}") = "Epam.Task7.DAL.Interface", "Epam.Task7.DAL.Interface\Epam.Task7.DAL.Interface.csproj", "{70966C9B-1FEE-46A6-81B6-4C7DC95637D9}"
EndProject
Project("{FAE04EC0-301F-11D3-BF4B-00C04F79EFBC}") = "Epam.Task7.DAL", "Epam.Task7.DAL\Epam.Task7.DAL.csproj", "{D9BEBD58-E8FC-4066-943C-FEE1A1D132ED}"
EndProject
Project("{FAE04EC0-301F-11D3-BF4B-00C04F79EFBC}") = "Epam.Task7.Entities", "Epam.Task7.Entities\Epam.Task7.Entities.csproj", "{BDAB36E7-2FBF-469C-811E-E3AE2A6790D3}"
EndProject
Project("{FAE04EC0-301F-11D3-BF4B-00C04F79EFBC}") = "Epam.Task7.Common", "Epam.Task7.Common\Epam.Task7.Common.csproj", "{9677C2FC-08EF-4474-A9F6-E7CF87F64157}"
EndProject
Project("{FAE04EC0-301F-11D3-BF4B-00C04F79EFBC}") = "Epam.Task7.ConsolePL", "Epam.Task7.ConsolePL\Epam.Task7.ConsolePL.csproj", "{740A827A-F87D-4C1A-8C51-717FD9E8882E}"
EndProject
Global
	GlobalSection(SolutionConfigurationPlatforms) = preSolution
		Debug|Any CPU = Debug|Any CPU
		Release|Any CPU = Release|Any CPU
	EndGlobalSection
	GlobalSection(ProjectConfigurationPlatforms) = postSolution
		{B3F65B6F-6337-461B-98FD-72768FBE0FAB}.Debug|Any CPU.ActiveCfg = Debug|Any CPU
		{B3F65B6F-6337-461B-98FD-72768FBE0FAB}.Debug|Any CPU.Build.0 = Debug|Any CPU
		{B3F65B6F-6337-461B-98FD-72768FBE0FAB}.Release|Any CPU.ActiveCfg = Release|Any CPU
		{B3F65B6F-6337-461B-98FD-72768FBE0FAB}.Release|Any CPU.Build.0 = Release|Any CPU
		{2C9A05F8-E73D-4BCE-9987-B89B6323A7BD}.Debug|Any CPU.ActiveCfg = Debug|Any CPU
		{2C9A05F8-E73D-4BCE-9987-B89B6323A7BD}.Debug|Any CPU.Build.0 = Debug|Any CPU
		{2C9A05F8-E73D-4BCE-9987-B89B6323A7BD}.Release|Any CPU.ActiveCfg = Release|Any CPU
		{2C9A05F8-E73D-4BCE-9987-B89B6323A7BD}.Release|Any CPU.Build.0 = Release|Any CPU
		{70966C9B-1FEE-46A6-81B6-4C7DC95637D9}.Debug|Any CPU.ActiveCfg = Debug|Any CPU
		{70966C9B-1FEE-46A6-81B6-4C7DC95637D9}.Debug|Any CPU.Build.0 = Debug|Any CPU
		{70966C9B-1FEE-46A6-81B6-4C7DC95637D9}.Release|Any CPU.ActiveCfg = Release|Any CPU
		{70966C9B-1FEE-46A6-81B6-4C7DC95637D9}.Release|Any CPU.Build.0 = Release|Any CPU
		{D9BEBD58-E8FC-4066-943C-FEE1A1D132ED}.Debug|Any CPU.ActiveCfg = Debug|Any CPU
		{D9BEBD58-E8FC-4066-943C-FEE1A1D132ED}.Debug|Any CPU.Build.0 = Debug|Any CPU
		{D9BEBD58-E8FC-4066-943C-FEE1A1D132ED}.Release|Any CPU.ActiveCfg = Release|Any CPU
		{D9BEBD58-E8FC-4066-943C-FEE1A1D132ED}.Release|Any CPU.Build.0 = Release|Any CPU
		{BDAB36E7-2FBF-469C-811E-E3AE2A6790D3}.Debug|Any CPU.ActiveCfg = Debug|Any CPU
		{BDAB36E7-2FBF-469C-811E-E3AE2A6790D3}.Debug|Any CPU.Build.0 = Debug|Any CPU
		{BDAB36E7-2FBF-469C-811E-E3AE2A6790D3}.Release|Any CPU.ActiveCfg = Release|Any CPU
		{BDAB36E7-2FBF-469C-811E-E3AE2A6790D3}.Release|Any CPU.Build.0 = Release|Any CPU
		{9677C2FC-08EF-4474-A9F6-E7CF87F64157}.Debug|Any CPU.ActiveCfg = Debug|Any CPU
		{9677C2FC-08EF-4474-A9F6-E7CF87F64157}.Debug|Any CPU.Build.0 = Debug|Any CPU
		{9677C2FC-08EF-4474-A9F6-E7CF87F64157}.Release|Any CPU.ActiveCfg = Release|Any CPU
		{9677C2FC-08EF-4474-A9F6-E7CF87F64157}.Release|Any CPU.Build.0 = Release|Any CPU
		{740A827A-F87D-4C1A-8C51-717FD9E8882E}.Debug|Any CPU.ActiveCfg = Debug|Any CPU
		{740A827A-F87D-4C1A-8C51-717FD9E8882E}.Debug|Any CPU.Build.0 = Debug|Any CPU
		{740A827A-F87D-4C1A-8C51-717FD9E8882E}.Release|Any CPU.ActiveCfg = Release|Any CPU
		{740A827A-F87D-4C1A-8C51-717FD9E8882E}.Release|Any CPU.Build.0 = Release|Any CPU
	EndGlobalSection
	GlobalSection(SolutionProperties) = preSolution
		HideSolutionNode = FALSE
	EndGlobalSection
	GlobalSection(NestedProjects) = preSolution
		{B3F65B6F-6337-461B-98FD-72768FBE0FAB} = {39B41C0A-DDF5-46A2-BDCC-ADB5ADEC4DCF}
		{2C9A05F8-E73D-4BCE-9987-B89B6323A7BD} = {39B41C0A-DDF5-46A2-BDCC-ADB5ADEC4DCF}
		{70966C9B-1FEE-46A6-81B6-4C7DC95637D9} = {45A86A53-FC49-4BD0-BA9D-1247E35EAC30}
		{D9BEBD58-E8FC-4066-943C-FEE1A1D132ED} = {45A86A53-FC49-4BD0-BA9D-1247E35EAC30}
		{BDAB36E7-2FBF-469C-811E-E3AE2A6790D3} = {D3BF58CA-6D9E-4241-970D-8C0BD0D5A974}
		{9677C2FC-08EF-4474-A9F6-E7CF87F64157} = {D3BF58CA-6D9E-4241-970D-8C0BD0D5A974}
		{740A827A-F87D-4C1A-8C51-717FD9E8882E} = {0C2FFB17-A74C-482A-8E09-5F65ECEA3762}
	EndGlobalSection
	GlobalSection(ExtensibilityGlobals) = postSolution
		SolutionGuid = {2CCF1088-606C-4FCF-ABD4-CD74623C22E5}
	EndGlobalSection
EndGlobal
